
Microsoft Visual Studio Solution File, Format Version 12.00
# Visual Studio 14
VisualStudioVersion = 14.0.25420.1
MinimumVisualStudioVersion = 10.0.40219.1
Project("{2150E333-8FDC-42A3-9474-1A3956D46DE8}") = "src", "src", "{3CC42FBB-B46A-45DC-87C5-038C58645555}"
EndProject
Project("{2150E333-8FDC-42A3-9474-1A3956D46DE8}") = "Solution Items", "Solution Items", "{F01DC855-4E9C-4F49-B5B6-09697D5192B4}"
	ProjectSection(SolutionItems) = preProject
		global.json = global.json
	EndProjectSection
EndProject
Project("{8BB2217D-0F2D-49D1-97BC-3654ED321F3B}") = "WebApp", "src\WebApp\WebApp.xproj", "{E82F052A-41C6-439C-B99F-01A7C4459F97}"
EndProject
Global
	GlobalSection(SolutionConfigurationPlatforms) = preSolution
		Debug|Any CPU = Debug|Any CPU
		Release|Any CPU = Release|Any CPU
	EndGlobalSection
	GlobalSection(ProjectConfigurationPlatforms) = postSolution
		{E82F052A-41C6-439C-B99F-01A7C4459F97}.Debug|Any CPU.ActiveCfg = Debug|Any CPU
		{E82F052A-41C6-439C-B99F-01A7C4459F97}.Debug|Any CPU.Build.0 = Debug|Any CPU
		{E82F052A-41C6-439C-B99F-01A7C4459F97}.Release|Any CPU.ActiveCfg = Release|Any CPU
		{E82F052A-41C6-439C-B99F-01A7C4459F97}.Release|Any CPU.Build.0 = Release|Any CPU
	EndGlobalSection
	GlobalSection(SolutionProperties) = preSolution
		HideSolutionNode = FALSE
	EndGlobalSection
	GlobalSection(NestedProjects) = preSolution
		{E82F052A-41C6-439C-B99F-01A7C4459F97} = {3CC42FBB-B46A-45DC-87C5-038C58645555}
	EndGlobalSection
EndGlobal
